
Microsoft Visual Studio Solution File, Format Version 12.00
# Visual Studio Version 17
VisualStudioVersion = 17.5.33424.131
MinimumVisualStudioVersion = 10.0.40219.1
Project("{9A19103F-16F7-4668-BE54-9A1E7A4F7556}") = "CatalogFootballers", "CatalogFootballers\CatalogFootballers.csproj", "{9787E779-D560-416B-9AF4-263680A29D21}"
EndProject
Project("{9A19103F-16F7-4668-BE54-9A1E7A4F7556}") = "CatalogFootballers.Data", "CatalogFootballers.Data\CatalogFootballers.Data.csproj", "{A97A702F-9E53-4C78-98B7-5DC108148430}"
EndProject
Project("{FAE04EC0-301F-11D3-BF4B-00C04F79EFBC}") = "CatalogFootballers.Tests", "CatalogFootballers.Tests\CatalogFootballers.Tests.csproj", "{E34A9876-5442-478B-BFA9-992CF0D0DD9B}"
EndProject
Global
	GlobalSection(SolutionConfigurationPlatforms) = preSolution
		Debug|Any CPU = Debug|Any CPU
		Release|Any CPU = Release|Any CPU
	EndGlobalSection
	GlobalSection(ProjectConfigurationPlatforms) = postSolution
		{9787E779-D560-416B-9AF4-263680A29D21}.Debug|Any CPU.ActiveCfg = Debug|Any CPU
		{9787E779-D560-416B-9AF4-263680A29D21}.Debug|Any CPU.Build.0 = Debug|Any CPU
		{9787E779-D560-416B-9AF4-263680A29D21}.Release|Any CPU.ActiveCfg = Release|Any CPU
		{9787E779-D560-416B-9AF4-263680A29D21}.Release|Any CPU.Build.0 = Release|Any CPU
		{A97A702F-9E53-4C78-98B7-5DC108148430}.Debug|Any CPU.ActiveCfg = Debug|Any CPU
		{A97A702F-9E53-4C78-98B7-5DC108148430}.Debug|Any CPU.Build.0 = Debug|Any CPU
		{A97A702F-9E53-4C78-98B7-5DC108148430}.Release|Any CPU.ActiveCfg = Release|Any CPU
		{A97A702F-9E53-4C78-98B7-5DC108148430}.Release|Any CPU.Build.0 = Release|Any CPU
		{E34A9876-5442-478B-BFA9-992CF0D0DD9B}.Debug|Any CPU.ActiveCfg = Debug|Any CPU
		{E34A9876-5442-478B-BFA9-992CF0D0DD9B}.Debug|Any CPU.Build.0 = Debug|Any CPU
		{E34A9876-5442-478B-BFA9-992CF0D0DD9B}.Release|Any CPU.ActiveCfg = Release|Any CPU
		{E34A9876-5442-478B-BFA9-992CF0D0DD9B}.Release|Any CPU.Build.0 = Release|Any CPU
	EndGlobalSection
	GlobalSection(SolutionProperties) = preSolution
		HideSolutionNode = FALSE
	EndGlobalSection
	GlobalSection(ExtensibilityGlobals) = postSolution
		SolutionGuid = {9A840F6D-A8C1-44C9-BA15-A239DDAEAC76}
	EndGlobalSection
EndGlobal
